
Microsoft Visual Studio Solution File, Format Version 12.00
# Visual Studio 14
VisualStudioVersion = 14.0.25420.1
MinimumVisualStudioVersion = 10.0.40219.1
Project("{8BC9CEB8-8B4A-11D0-8D11-00A0C91BC942}") = "EncapsulationAndAbstraction", "EncapsulationAndAbstraction\EncapsulationAndAbstraction.vcxproj", "{8ECE94AD-D1D5-4BCC-9191-362BB28C7AA7}"
EndProject
Project("{8BC9CEB8-8B4A-11D0-8D11-00A0C91BC942}") = "Polymorphism", "Polymorphism\Polymorphism.vcxproj", "{9E33D433-F191-4446-AE01-8892BCC1F1AA}"
EndProject
Project("{8BC9CEB8-8B4A-11D0-8D11-00A0C91BC942}") = "CopyConstructors", "CopyConstructors\CopyConstructors.vcxproj", "{65C1D5BB-D824-421D-806D-5EB35AC590DA}"
EndProject
Project("{8BC9CEB8-8B4A-11D0-8D11-00A0C91BC942}") = "OperatorOverloading", "OperatorOverloading\OperatorOverloading.vcxproj", "{B750CCBC-68A4-4DA6-BB7E-4BA5D82E884A}"
EndProject
Project("{8BC9CEB8-8B4A-11D0-8D11-00A0C91BC942}") = "FunctionOverloading", "FunctionOverloading\FunctionOverloading.vcxproj", "{86C3970F-C92B-43FB-8431-77B07BC9EBAB}"
EndProject
Project("{8BC9CEB8-8B4A-11D0-8D11-00A0C91BC942}") = "FilesInputOutput", "FilesInputOutput\FilesInputOutput.vcxproj", "{30C8E84C-6BF2-413F-8012-014FC2383277}"
EndProject
Project("{8BC9CEB8-8B4A-11D0-8D11-00A0C91BC942}") = "FirstSimpleGame", "FirstSimpleGame\FirstSimpleGame.vcxproj", "{72E9441C-820E-4D9A-90B6-7CB12E330746}"
EndProject
Project("{8BC9CEB8-8B4A-11D0-8D11-00A0C91BC942}") = "Templates", "Templates\Templates.vcxproj", "{5753D454-FE97-493B-989B-132292079B31}"
EndProject
Project("{8BC9CEB8-8B4A-11D0-8D11-00A0C91BC942}") = "AdvancedDataStructures", "AdvancedDataStructures\AdvancedDataStructures.vcxproj", "{08A5BEA0-9A4A-47D8-AD8F-39FFABF1BC6A}"
EndProject
Project("{8BC9CEB8-8B4A-11D0-8D11-00A0C91BC942}") = "LinkedListToStoreData", "LinkedListToStoreData\LinkedListToStoreData.vcxproj", "{8B12142A-B8B0-451D-A593-068B3759678D}"
EndProject
Project("{8BC9CEB8-8B4A-11D0-8D11-00A0C91BC942}") = "StacksToStoreData", "StacksToStoreData\StacksToStoreData.vcxproj", "{0885AD18-51B9-4C47-9C71-7B249361B991}"
EndProject
Project("{8BC9CEB8-8B4A-11D0-8D11-00A0C91BC942}") = "QueuesToStoreData", "QueuesToStoreData\QueuesToStoreData.vcxproj", "{D4BA678F-B879-4CA6-ACB4-CF11A8C263E3}"
EndProject
Project("{8BC9CEB8-8B4A-11D0-8D11-00A0C91BC942}") = "TreesToStoreData", "TreesToStoreData\TreesToStoreData.vcxproj", "{70E49194-DFD7-433F-85C3-756ECD07CD89}"
EndProject
Project("{8BC9CEB8-8B4A-11D0-8D11-00A0C91BC942}") = "GraphsToStoreData", "GraphsToStoreData\GraphsToStoreData.vcxproj", "{41105C48-53C9-42A7-B134-BD1B5D3B47E9}"
EndProject
Project("{8BC9CEB8-8B4A-11D0-8D11-00A0C91BC942}") = "STLListsToStoreData", "STLListsToStoreData\STLListsToStoreData.vcxproj", "{B217A67C-7089-44C0-8B13-2CF0B2320604}"
EndProject
Project("{8BC9CEB8-8B4A-11D0-8D11-00A0C91BC942}") = "STLMapsToStoreData", "STLMapsToStoreData\STLMapsToStoreData.vcxproj", "{63A53126-0EBA-47B0-B497-DF4116CC4A05}"
EndProject
Project("{8BC9CEB8-8B4A-11D0-8D11-00A0C91BC942}") = "STLHashTablesToStoreData", "STLHashTablesToStoreData\STLHashTablesToStoreData.vcxproj", "{F5EE13E9-CDFA-4FEE-9DE7-6B5BAE30167E}"
EndProject
Project("{8BC9CEB8-8B4A-11D0-8D11-00A0C91BC942}") = "Sorting", "Sorting\Sorting.vcxproj", "{23E7A6CF-5E54-4420-8DB7-4594DAF245F5}"
EndProject
Project("{8BC9CEB8-8B4A-11D0-8D11-00A0C91BC942}") = "Searching", "Searching\Searching.vcxproj", "{475D8ABF-C702-4E84-9B67-F139E60A2282}"
EndProject
Project("{8BC9CEB8-8B4A-11D0-8D11-00A0C91BC942}") = "AlgorithmComplexity", "AlgorithmComplexity\AlgorithmComplexity.vcxproj", "{192BC07D-F5AE-4546-90C5-930D783D0099}"
EndProject
Project("{8BC9CEB8-8B4A-11D0-8D11-00A0C91BC942}") = "Endian-ness", "Endian-ness\Endian-ness.vcxproj", "{8CA15BA8-4F5F-463B-AAE1-355E1E17AF02}"
EndProject
Project("{8BC9CEB8-8B4A-11D0-8D11-00A0C91BC942}") = "DynamicProgramming", "DynamicProgramming\DynamicProgramming.vcxproj", "{36AAF9CA-0C33-4475-8BA2-2B2C70688B8E}"
EndProject
Project("{8BC9CEB8-8B4A-11D0-8D11-00A0C91BC942}") = "GreedyAlgorithms", "GreedyAlgorithms\GreedyAlgorithms.vcxproj", "{DDB9C9E8-F21F-4288-98CD-63348616B9A6}"
EndProject
Project("{8BC9CEB8-8B4A-11D0-8D11-00A0C91BC942}") = "DivideAndConquerAlgorithms", "DivideAndConquerAlgorithms\DivideAndConquerAlgorithms.vcxproj", "{537EE016-75E6-4810-962D-F64866943AD7}"
EndProject
Project("{8BC9CEB8-8B4A-11D0-8D11-00A0C91BC942}") = "StartingMakeWindowsGame", "StartingMakeWindowsGame\StartingMakeWindowsGame.vcxproj", "{5F083D2B-8060-4C81-A607-36D49054AFEB}"
EndProject
Project("{8BC9CEB8-8B4A-11D0-8D11-00A0C91BC942}") = "UsingWindowsClassesAndHandles", "UsingWindowsClassesAndHandles\UsingWindowsClassesAndHandles.vcxproj", "{700DFCE6-0F3A-43C1-AF6C-AAF9AB457944}"
EndProject
Project("{8BC9CEB8-8B4A-11D0-8D11-00A0C91BC942}") = "KeyboardMouseControlsAndTextOutput", "KeyboardMouseControlsAndTextOutput\KeyboardMouseControlsAndTextOutput.vcxproj", "{87A04FFE-1408-4CB0-B1BC-AE953C20443F}"
EndProject
Project("{8BC9CEB8-8B4A-11D0-8D11-00A0C91BC942}") = "WindowsResourcesWithGDI", "WindowsResourcesWithGDI\WindowsResourcesWithGDI.vcxproj", "{062F794C-F61F-4A41-80B8-7737486FACE7}"
EndProject
Project("{8BC9CEB8-8B4A-11D0-8D11-00A0C91BC942}") = "DialogsAndControls", "DialogsAndControls\DialogsAndControls.vcxproj", "{FCC5B657-170C-4642-8D47-AC77BDCD2DE3}"
EndProject
Project("{8BC9CEB8-8B4A-11D0-8D11-00A0C91BC942}") = "Sprites", "Sprites\Sprites.vcxproj", "{9E17FA1D-5472-431B-A475-0A12266F99CA}"
EndProject
Project("{8BC9CEB8-8B4A-11D0-8D11-00A0C91BC942}") = "DesignPatternSingleton", "DesignPatternSingleton\DesignPatternSingleton.vcxproj", "{7DBCD5CE-5C34-4DEE-87A8-E0B5272C1674}"
EndProject
Project("{8BC9CEB8-8B4A-11D0-8D11-00A0C91BC942}") = "DesignPatternFactory", "DesignPatternFactory\DesignPatternFactory.vcxproj", "{E9F75A3E-089F-4498-9BAB-8FCF5F675377}"
EndProject
Project("{8BC9CEB8-8B4A-11D0-8D11-00A0C91BC942}") = "DesignPatternAbstractFactoryMethod", "DesignPatternAbstractFactoryMethod\DesignPatternAbstractFactoryMethod.vcxproj", "{E785FFAA-9F65-41E8-9B63-00B5F51FA240}"
EndProject
Global
	GlobalSection(SolutionConfigurationPlatforms) = preSolution
		Debug|x64 = Debug|x64
		Debug|x86 = Debug|x86
		Release|x64 = Release|x64
		Release|x86 = Release|x86
	EndGlobalSection
	GlobalSection(ProjectConfigurationPlatforms) = postSolution
		{8ECE94AD-D1D5-4BCC-9191-362BB28C7AA7}.Debug|x64.ActiveCfg = Debug|x64
		{8ECE94AD-D1D5-4BCC-9191-362BB28C7AA7}.Debug|x64.Build.0 = Debug|x64
		{8ECE94AD-D1D5-4BCC-9191-362BB28C7AA7}.Debug|x86.ActiveCfg = Debug|Win32
		{8ECE94AD-D1D5-4BCC-9191-362BB28C7AA7}.Debug|x86.Build.0 = Debug|Win32
		{8ECE94AD-D1D5-4BCC-9191-362BB28C7AA7}.Release|x64.ActiveCfg = Release|x64
		{8ECE94AD-D1D5-4BCC-9191-362BB28C7AA7}.Release|x64.Build.0 = Release|x64
		{8ECE94AD-D1D5-4BCC-9191-362BB28C7AA7}.Release|x86.ActiveCfg = Release|Win32
		{8ECE94AD-D1D5-4BCC-9191-362BB28C7AA7}.Release|x86.Build.0 = Release|Win32
		{9E33D433-F191-4446-AE01-8892BCC1F1AA}.Debug|x64.ActiveCfg = Debug|x64
		{9E33D433-F191-4446-AE01-8892BCC1F1AA}.Debug|x64.Build.0 = Debug|x64
		{9E33D433-F191-4446-AE01-8892BCC1F1AA}.Debug|x86.ActiveCfg = Debug|Win32
		{9E33D433-F191-4446-AE01-8892BCC1F1AA}.Debug|x86.Build.0 = Debug|Win32
		{9E33D433-F191-4446-AE01-8892BCC1F1AA}.Release|x64.ActiveCfg = Release|x64
		{9E33D433-F191-4446-AE01-8892BCC1F1AA}.Release|x64.Build.0 = Release|x64
		{9E33D433-F191-4446-AE01-8892BCC1F1AA}.Release|x86.ActiveCfg = Release|Win32
		{9E33D433-F191-4446-AE01-8892BCC1F1AA}.Release|x86.Build.0 = Release|Win32
		{65C1D5BB-D824-421D-806D-5EB35AC590DA}.Debug|x64.ActiveCfg = Debug|x64
		{65C1D5BB-D824-421D-806D-5EB35AC590DA}.Debug|x64.Build.0 = Debug|x64
		{65C1D5BB-D824-421D-806D-5EB35AC590DA}.Debug|x86.ActiveCfg = Debug|Win32
		{65C1D5BB-D824-421D-806D-5EB35AC590DA}.Debug|x86.Build.0 = Debug|Win32
		{65C1D5BB-D824-421D-806D-5EB35AC590DA}.Release|x64.ActiveCfg = Release|x64
		{65C1D5BB-D824-421D-806D-5EB35AC590DA}.Release|x64.Build.0 = Release|x64
		{65C1D5BB-D824-421D-806D-5EB35AC590DA}.Release|x86.ActiveCfg = Release|Win32
		{65C1D5BB-D824-421D-806D-5EB35AC590DA}.Release|x86.Build.0 = Release|Win32
		{B750CCBC-68A4-4DA6-BB7E-4BA5D82E884A}.Debug|x64.ActiveCfg = Debug|x64
		{B750CCBC-68A4-4DA6-BB7E-4BA5D82E884A}.Debug|x64.Build.0 = Debug|x64
		{B750CCBC-68A4-4DA6-BB7E-4BA5D82E884A}.Debug|x86.ActiveCfg = Debug|Win32
		{B750CCBC-68A4-4DA6-BB7E-4BA5D82E884A}.Debug|x86.Build.0 = Debug|Win32
		{B750CCBC-68A4-4DA6-BB7E-4BA5D82E884A}.Release|x64.ActiveCfg = Release|x64
		{B750CCBC-68A4-4DA6-BB7E-4BA5D82E884A}.Release|x64.Build.0 = Release|x64
		{B750CCBC-68A4-4DA6-BB7E-4BA5D82E884A}.Release|x86.ActiveCfg = Release|Win32
		{B750CCBC-68A4-4DA6-BB7E-4BA5D82E884A}.Release|x86.Build.0 = Release|Win32
		{86C3970F-C92B-43FB-8431-77B07BC9EBAB}.Debug|x64.ActiveCfg = Debug|x64
		{86C3970F-C92B-43FB-8431-77B07BC9EBAB}.Debug|x64.Build.0 = Debug|x64
		{86C3970F-C92B-43FB-8431-77B07BC9EBAB}.Debug|x86.ActiveCfg = Debug|Win32
		{86C3970F-C92B-43FB-8431-77B07BC9EBAB}.Debug|x86.Build.0 = Debug|Win32
		{86C3970F-C92B-43FB-8431-77B07BC9EBAB}.Release|x64.ActiveCfg = Release|x64
		{86C3970F-C92B-43FB-8431-77B07BC9EBAB}.Release|x64.Build.0 = Release|x64
		{86C3970F-C92B-43FB-8431-77B07BC9EBAB}.Release|x86.ActiveCfg = Release|Win32
		{86C3970F-C92B-43FB-8431-77B07BC9EBAB}.Release|x86.Build.0 = Release|Win32
		{30C8E84C-6BF2-413F-8012-014FC2383277}.Debug|x64.ActiveCfg = Debug|x64
		{30C8E84C-6BF2-413F-8012-014FC2383277}.Debug|x64.Build.0 = Debug|x64
		{30C8E84C-6BF2-413F-8012-014FC2383277}.Debug|x86.ActiveCfg = Debug|Win32
		{30C8E84C-6BF2-413F-8012-014FC2383277}.Debug|x86.Build.0 = Debug|Win32
		{30C8E84C-6BF2-413F-8012-014FC2383277}.Release|x64.ActiveCfg = Release|x64
		{30C8E84C-6BF2-413F-8012-014FC2383277}.Release|x64.Build.0 = Release|x64
		{30C8E84C-6BF2-413F-8012-014FC2383277}.Release|x86.ActiveCfg = Release|Win32
		{30C8E84C-6BF2-413F-8012-014FC2383277}.Release|x86.Build.0 = Release|Win32
		{72E9441C-820E-4D9A-90B6-7CB12E330746}.Debug|x64.ActiveCfg = Debug|x64
		{72E9441C-820E-4D9A-90B6-7CB12E330746}.Debug|x64.Build.0 = Debug|x64
		{72E9441C-820E-4D9A-90B6-7CB12E330746}.Debug|x86.ActiveCfg = Debug|Win32
		{72E9441C-820E-4D9A-90B6-7CB12E330746}.Debug|x86.Build.0 = Debug|Win32
		{72E9441C-820E-4D9A-90B6-7CB12E330746}.Release|x64.ActiveCfg = Release|x64
		{72E9441C-820E-4D9A-90B6-7CB12E330746}.Release|x64.Build.0 = Release|x64
		{72E9441C-820E-4D9A-90B6-7CB12E330746}.Release|x86.ActiveCfg = Release|Win32
		{72E9441C-820E-4D9A-90B6-7CB12E330746}.Release|x86.Build.0 = Release|Win32
		{5753D454-FE97-493B-989B-132292079B31}.Debug|x64.ActiveCfg = Debug|x64
		{5753D454-FE97-493B-989B-132292079B31}.Debug|x64.Build.0 = Debug|x64
		{5753D454-FE97-493B-989B-132292079B31}.Debug|x86.ActiveCfg = Debug|Win32
		{5753D454-FE97-493B-989B-132292079B31}.Debug|x86.Build.0 = Debug|Win32
		{5753D454-FE97-493B-989B-132292079B31}.Release|x64.ActiveCfg = Release|x64
		{5753D454-FE97-493B-989B-132292079B31}.Release|x64.Build.0 = Release|x64
		{5753D454-FE97-493B-989B-132292079B31}.Release|x86.ActiveCfg = Release|Win32
		{5753D454-FE97-493B-989B-132292079B31}.Release|x86.Build.0 = Release|Win32
		{08A5BEA0-9A4A-47D8-AD8F-39FFABF1BC6A}.Debug|x64.ActiveCfg = Debug|x64
		{08A5BEA0-9A4A-47D8-AD8F-39FFABF1BC6A}.Debug|x64.Build.0 = Debug|x64
		{08A5BEA0-9A4A-47D8-AD8F-39FFABF1BC6A}.Debug|x86.ActiveCfg = Debug|Win32
		{08A5BEA0-9A4A-47D8-AD8F-39FFABF1BC6A}.Debug|x86.Build.0 = Debug|Win32
		{08A5BEA0-9A4A-47D8-AD8F-39FFABF1BC6A}.Release|x64.ActiveCfg = Release|x64
		{08A5BEA0-9A4A-47D8-AD8F-39FFABF1BC6A}.Release|x64.Build.0 = Release|x64
		{08A5BEA0-9A4A-47D8-AD8F-39FFABF1BC6A}.Release|x86.ActiveCfg = Release|Win32
		{08A5BEA0-9A4A-47D8-AD8F-39FFABF1BC6A}.Release|x86.Build.0 = Release|Win32
		{8B12142A-B8B0-451D-A593-068B3759678D}.Debug|x64.ActiveCfg = Debug|x64
		{8B12142A-B8B0-451D-A593-068B3759678D}.Debug|x64.Build.0 = Debug|x64
		{8B12142A-B8B0-451D-A593-068B3759678D}.Debug|x86.ActiveCfg = Debug|Win32
		{8B12142A-B8B0-451D-A593-068B3759678D}.Debug|x86.Build.0 = Debug|Win32
		{8B12142A-B8B0-451D-A593-068B3759678D}.Release|x64.ActiveCfg = Release|x64
		{8B12142A-B8B0-451D-A593-068B3759678D}.Release|x64.Build.0 = Release|x64
		{8B12142A-B8B0-451D-A593-068B3759678D}.Release|x86.ActiveCfg = Release|Win32
		{8B12142A-B8B0-451D-A593-068B3759678D}.Release|x86.Build.0 = Release|Win32
		{0885AD18-51B9-4C47-9C71-7B249361B991}.Debug|x64.ActiveCfg = Debug|x64
		{0885AD18-51B9-4C47-9C71-7B249361B991}.Debug|x64.Build.0 = Debug|x64
		{0885AD18-51B9-4C47-9C71-7B249361B991}.Debug|x86.ActiveCfg = Debug|Win32
		{0885AD18-51B9-4C47-9C71-7B249361B991}.Debug|x86.Build.0 = Debug|Win32
		{0885AD18-51B9-4C47-9C71-7B249361B991}.Release|x64.ActiveCfg = Release|x64
		{0885AD18-51B9-4C47-9C71-7B249361B991}.Release|x64.Build.0 = Release|x64
		{0885AD18-51B9-4C47-9C71-7B249361B991}.Release|x86.ActiveCfg = Release|Win32
		{0885AD18-51B9-4C47-9C71-7B249361B991}.Release|x86.Build.0 = Release|Win32
		{D4BA678F-B879-4CA6-ACB4-CF11A8C263E3}.Debug|x64.ActiveCfg = Debug|x64
		{D4BA678F-B879-4CA6-ACB4-CF11A8C263E3}.Debug|x64.Build.0 = Debug|x64
		{D4BA678F-B879-4CA6-ACB4-CF11A8C263E3}.Debug|x86.ActiveCfg = Debug|Win32
		{D4BA678F-B879-4CA6-ACB4-CF11A8C263E3}.Debug|x86.Build.0 = Debug|Win32
		{D4BA678F-B879-4CA6-ACB4-CF11A8C263E3}.Release|x64.ActiveCfg = Release|x64
		{D4BA678F-B879-4CA6-ACB4-CF11A8C263E3}.Release|x64.Build.0 = Release|x64
		{D4BA678F-B879-4CA6-ACB4-CF11A8C263E3}.Release|x86.ActiveCfg = Release|Win32
		{D4BA678F-B879-4CA6-ACB4-CF11A8C263E3}.Release|x86.Build.0 = Release|Win32
		{70E49194-DFD7-433F-85C3-756ECD07CD89}.Debug|x64.ActiveCfg = Debug|x64
		{70E49194-DFD7-433F-85C3-756ECD07CD89}.Debug|x64.Build.0 = Debug|x64
		{70E49194-DFD7-433F-85C3-756ECD07CD89}.Debug|x86.ActiveCfg = Debug|Win32
		{70E49194-DFD7-433F-85C3-756ECD07CD89}.Debug|x86.Build.0 = Debug|Win32
		{70E49194-DFD7-433F-85C3-756ECD07CD89}.Release|x64.ActiveCfg = Release|x64
		{70E49194-DFD7-433F-85C3-756ECD07CD89}.Release|x64.Build.0 = Release|x64
		{70E49194-DFD7-433F-85C3-756ECD07CD89}.Release|x86.ActiveCfg = Release|Win32
		{70E49194-DFD7-433F-85C3-756ECD07CD89}.Release|x86.Build.0 = Release|Win32
		{41105C48-53C9-42A7-B134-BD1B5D3B47E9}.Debug|x64.ActiveCfg = Debug|x64
		{41105C48-53C9-42A7-B134-BD1B5D3B47E9}.Debug|x64.Build.0 = Debug|x64
		{41105C48-53C9-42A7-B134-BD1B5D3B47E9}.Debug|x86.ActiveCfg = Debug|Win32
		{41105C48-53C9-42A7-B134-BD1B5D3B47E9}.Debug|x86.Build.0 = Debug|Win32
		{41105C48-53C9-42A7-B134-BD1B5D3B47E9}.Release|x64.ActiveCfg = Release|x64
		{41105C48-53C9-42A7-B134-BD1B5D3B47E9}.Release|x64.Build.0 = Release|x64
		{41105C48-53C9-42A7-B134-BD1B5D3B47E9}.Release|x86.ActiveCfg = Release|Win32
		{41105C48-53C9-42A7-B134-BD1B5D3B47E9}.Release|x86.Build.0 = Release|Win32
		{B217A67C-7089-44C0-8B13-2CF0B2320604}.Debug|x64.ActiveCfg = Debug|x64
		{B217A67C-7089-44C0-8B13-2CF0B2320604}.Debug|x64.Build.0 = Debug|x64
		{B217A67C-7089-44C0-8B13-2CF0B2320604}.Debug|x86.ActiveCfg = Debug|Win32
		{B217A67C-7089-44C0-8B13-2CF0B2320604}.Debug|x86.Build.0 = Debug|Win32
		{B217A67C-7089-44C0-8B13-2CF0B2320604}.Release|x64.ActiveCfg = Release|x64
		{B217A67C-7089-44C0-8B13-2CF0B2320604}.Release|x64.Build.0 = Release|x64
		{B217A67C-7089-44C0-8B13-2CF0B2320604}.Release|x86.ActiveCfg = Release|Win32
		{B217A67C-7089-44C0-8B13-2CF0B2320604}.Release|x86.Build.0 = Release|Win32
		{63A53126-0EBA-47B0-B497-DF4116CC4A05}.Debug|x64.ActiveCfg = Debug|x64
		{63A53126-0EBA-47B0-B497-DF4116CC4A05}.Debug|x64.Build.0 = Debug|x64
		{63A53126-0EBA-47B0-B497-DF4116CC4A05}.Debug|x86.ActiveCfg = Debug|Win32
		{63A53126-0EBA-47B0-B497-DF4116CC4A05}.Debug|x86.Build.0 = Debug|Win32
		{63A53126-0EBA-47B0-B497-DF4116CC4A05}.Release|x64.ActiveCfg = Release|x64
		{63A53126-0EBA-47B0-B497-DF4116CC4A05}.Release|x64.Build.0 = Release|x64
		{63A53126-0EBA-47B0-B497-DF4116CC4A05}.Release|x86.ActiveCfg = Release|Win32
		{63A53126-0EBA-47B0-B497-DF4116CC4A05}.Release|x86.Build.0 = Release|Win32
		{F5EE13E9-CDFA-4FEE-9DE7-6B5BAE30167E}.Debug|x64.ActiveCfg = Debug|x64
		{F5EE13E9-CDFA-4FEE-9DE7-6B5BAE30167E}.Debug|x64.Build.0 = Debug|x64
		{F5EE13E9-CDFA-4FEE-9DE7-6B5BAE30167E}.Debug|x86.ActiveCfg = Debug|Win32
		{F5EE13E9-CDFA-4FEE-9DE7-6B5BAE30167E}.Debug|x86.Build.0 = Debug|Win32
		{F5EE13E9-CDFA-4FEE-9DE7-6B5BAE30167E}.Release|x64.ActiveCfg = Release|x64
		{F5EE13E9-CDFA-4FEE-9DE7-6B5BAE30167E}.Release|x64.Build.0 = Release|x64
		{F5EE13E9-CDFA-4FEE-9DE7-6B5BAE30167E}.Release|x86.ActiveCfg = Release|Win32
		{F5EE13E9-CDFA-4FEE-9DE7-6B5BAE30167E}.Release|x86.Build.0 = Release|Win32
		{23E7A6CF-5E54-4420-8DB7-4594DAF245F5}.Debug|x64.ActiveCfg = Debug|x64
		{23E7A6CF-5E54-4420-8DB7-4594DAF245F5}.Debug|x64.Build.0 = Debug|x64
		{23E7A6CF-5E54-4420-8DB7-4594DAF245F5}.Debug|x86.ActiveCfg = Debug|Win32
		{23E7A6CF-5E54-4420-8DB7-4594DAF245F5}.Debug|x86.Build.0 = Debug|Win32
		{23E7A6CF-5E54-4420-8DB7-4594DAF245F5}.Release|x64.ActiveCfg = Release|x64
		{23E7A6CF-5E54-4420-8DB7-4594DAF245F5}.Release|x64.Build.0 = Release|x64
		{23E7A6CF-5E54-4420-8DB7-4594DAF245F5}.Release|x86.ActiveCfg = Release|Win32
		{23E7A6CF-5E54-4420-8DB7-4594DAF245F5}.Release|x86.Build.0 = Release|Win32
		{475D8ABF-C702-4E84-9B67-F139E60A2282}.Debug|x64.ActiveCfg = Debug|x64
		{475D8ABF-C702-4E84-9B67-F139E60A2282}.Debug|x64.Build.0 = Debug|x64
		{475D8ABF-C702-4E84-9B67-F139E60A2282}.Debug|x86.ActiveCfg = Debug|Win32
		{475D8ABF-C702-4E84-9B67-F139E60A2282}.Debug|x86.Build.0 = Debug|Win32
		{475D8ABF-C702-4E84-9B67-F139E60A2282}.Release|x64.ActiveCfg = Release|x64
		{475D8ABF-C702-4E84-9B67-F139E60A2282}.Release|x64.Build.0 = Release|x64
		{475D8ABF-C702-4E84-9B67-F139E60A2282}.Release|x86.ActiveCfg = Release|Win32
		{475D8ABF-C702-4E84-9B67-F139E60A2282}.Release|x86.Build.0 = Release|Win32
		{192BC07D-F5AE-4546-90C5-930D783D0099}.Debug|x64.ActiveCfg = Debug|x64
		{192BC07D-F5AE-4546-90C5-930D783D0099}.Debug|x64.Build.0 = Debug|x64
		{192BC07D-F5AE-4546-90C5-930D783D0099}.Debug|x86.ActiveCfg = Debug|Win32
		{192BC07D-F5AE-4546-90C5-930D783D0099}.Debug|x86.Build.0 = Debug|Win32
		{192BC07D-F5AE-4546-90C5-930D783D0099}.Release|x64.ActiveCfg = Release|x64
		{192BC07D-F5AE-4546-90C5-930D783D0099}.Release|x64.Build.0 = Release|x64
		{192BC07D-F5AE-4546-90C5-930D783D0099}.Release|x86.ActiveCfg = Release|Win32
		{192BC07D-F5AE-4546-90C5-930D783D0099}.Release|x86.Build.0 = Release|Win32
		{8CA15BA8-4F5F-463B-AAE1-355E1E17AF02}.Debug|x64.ActiveCfg = Debug|x64
		{8CA15BA8-4F5F-463B-AAE1-355E1E17AF02}.Debug|x64.Build.0 = Debug|x64
		{8CA15BA8-4F5F-463B-AAE1-355E1E17AF02}.Debug|x86.ActiveCfg = Debug|Win32
		{8CA15BA8-4F5F-463B-AAE1-355E1E17AF02}.Debug|x86.Build.0 = Debug|Win32
		{8CA15BA8-4F5F-463B-AAE1-355E1E17AF02}.Release|x64.ActiveCfg = Release|x64
		{8CA15BA8-4F5F-463B-AAE1-355E1E17AF02}.Release|x64.Build.0 = Release|x64
		{8CA15BA8-4F5F-463B-AAE1-355E1E17AF02}.Release|x86.ActiveCfg = Release|Win32
		{8CA15BA8-4F5F-463B-AAE1-355E1E17AF02}.Release|x86.Build.0 = Release|Win32
		{36AAF9CA-0C33-4475-8BA2-2B2C70688B8E}.Debug|x64.ActiveCfg = Debug|x64
		{36AAF9CA-0C33-4475-8BA2-2B2C70688B8E}.Debug|x64.Build.0 = Debug|x64
		{36AAF9CA-0C33-4475-8BA2-2B2C70688B8E}.Debug|x86.ActiveCfg = Debug|Win32
		{36AAF9CA-0C33-4475-8BA2-2B2C70688B8E}.Debug|x86.Build.0 = Debug|Win32
		{36AAF9CA-0C33-4475-8BA2-2B2C70688B8E}.Release|x64.ActiveCfg = Release|x64
		{36AAF9CA-0C33-4475-8BA2-2B2C70688B8E}.Release|x64.Build.0 = Release|x64
		{36AAF9CA-0C33-4475-8BA2-2B2C70688B8E}.Release|x86.ActiveCfg = Release|Win32
		{36AAF9CA-0C33-4475-8BA2-2B2C70688B8E}.Release|x86.Build.0 = Release|Win32
		{DDB9C9E8-F21F-4288-98CD-63348616B9A6}.Debug|x64.ActiveCfg = Debug|x64
		{DDB9C9E8-F21F-4288-98CD-63348616B9A6}.Debug|x64.Build.0 = Debug|x64
		{DDB9C9E8-F21F-4288-98CD-63348616B9A6}.Debug|x86.ActiveCfg = Debug|Win32
		{DDB9C9E8-F21F-4288-98CD-63348616B9A6}.Debug|x86.Build.0 = Debug|Win32
		{DDB9C9E8-F21F-4288-98CD-63348616B9A6}.Release|x64.ActiveCfg = Release|x64
		{DDB9C9E8-F21F-4288-98CD-63348616B9A6}.Release|x64.Build.0 = Release|x64
		{DDB9C9E8-F21F-4288-98CD-63348616B9A6}.Release|x86.ActiveCfg = Release|Win32
		{DDB9C9E8-F21F-4288-98CD-63348616B9A6}.Release|x86.Build.0 = Release|Win32
		{537EE016-75E6-4810-962D-F64866943AD7}.Debug|x64.ActiveCfg = Debug|x64
		{537EE016-75E6-4810-962D-F64866943AD7}.Debug|x64.Build.0 = Debug|x64
		{537EE016-75E6-4810-962D-F64866943AD7}.Debug|x86.ActiveCfg = Debug|Win32
		{537EE016-75E6-4810-962D-F64866943AD7}.Debug|x86.Build.0 = Debug|Win32
		{537EE016-75E6-4810-962D-F64866943AD7}.Release|x64.ActiveCfg = Release|x64
		{537EE016-75E6-4810-962D-F64866943AD7}.Release|x64.Build.0 = Release|x64
		{537EE016-75E6-4810-962D-F64866943AD7}.Release|x86.ActiveCfg = Release|Win32
		{537EE016-75E6-4810-962D-F64866943AD7}.Release|x86.Build.0 = Release|Win32
		{5F083D2B-8060-4C81-A607-36D49054AFEB}.Debug|x64.ActiveCfg = Debug|x64
		{5F083D2B-8060-4C81-A607-36D49054AFEB}.Debug|x64.Build.0 = Debug|x64
		{5F083D2B-8060-4C81-A607-36D49054AFEB}.Debug|x86.ActiveCfg = Debug|Win32
		{5F083D2B-8060-4C81-A607-36D49054AFEB}.Debug|x86.Build.0 = Debug|Win32
		{5F083D2B-8060-4C81-A607-36D49054AFEB}.Release|x64.ActiveCfg = Release|x64
		{5F083D2B-8060-4C81-A607-36D49054AFEB}.Release|x64.Build.0 = Release|x64
		{5F083D2B-8060-4C81-A607-36D49054AFEB}.Release|x86.ActiveCfg = Release|Win32
		{5F083D2B-8060-4C81-A607-36D49054AFEB}.Release|x86.Build.0 = Release|Win32
		{700DFCE6-0F3A-43C1-AF6C-AAF9AB457944}.Debug|x64.ActiveCfg = Debug|x64
		{700DFCE6-0F3A-43C1-AF6C-AAF9AB457944}.Debug|x64.Build.0 = Debug|x64
		{700DFCE6-0F3A-43C1-AF6C-AAF9AB457944}.Debug|x86.ActiveCfg = Debug|Win32
		{700DFCE6-0F3A-43C1-AF6C-AAF9AB457944}.Debug|x86.Build.0 = Debug|Win32
		{700DFCE6-0F3A-43C1-AF6C-AAF9AB457944}.Release|x64.ActiveCfg = Release|x64
		{700DFCE6-0F3A-43C1-AF6C-AAF9AB457944}.Release|x64.Build.0 = Release|x64
		{700DFCE6-0F3A-43C1-AF6C-AAF9AB457944}.Release|x86.ActiveCfg = Release|Win32
		{700DFCE6-0F3A-43C1-AF6C-AAF9AB457944}.Release|x86.Build.0 = Release|Win32
		{87A04FFE-1408-4CB0-B1BC-AE953C20443F}.Debug|x64.ActiveCfg = Debug|x64
		{87A04FFE-1408-4CB0-B1BC-AE953C20443F}.Debug|x64.Build.0 = Debug|x64
		{87A04FFE-1408-4CB0-B1BC-AE953C20443F}.Debug|x86.ActiveCfg = Debug|Win32
		{87A04FFE-1408-4CB0-B1BC-AE953C20443F}.Debug|x86.Build.0 = Debug|Win32
		{87A04FFE-1408-4CB0-B1BC-AE953C20443F}.Release|x64.ActiveCfg = Release|x64
		{87A04FFE-1408-4CB0-B1BC-AE953C20443F}.Release|x64.Build.0 = Release|x64
		{87A04FFE-1408-4CB0-B1BC-AE953C20443F}.Release|x86.ActiveCfg = Release|Win32
		{87A04FFE-1408-4CB0-B1BC-AE953C20443F}.Release|x86.Build.0 = Release|Win32
		{062F794C-F61F-4A41-80B8-7737486FACE7}.Debug|x64.ActiveCfg = Debug|x64
		{062F794C-F61F-4A41-80B8-7737486FACE7}.Debug|x64.Build.0 = Debug|x64
		{062F794C-F61F-4A41-80B8-7737486FACE7}.Debug|x86.ActiveCfg = Debug|Win32
		{062F794C-F61F-4A41-80B8-7737486FACE7}.Debug|x86.Build.0 = Debug|Win32
		{062F794C-F61F-4A41-80B8-7737486FACE7}.Release|x64.ActiveCfg = Release|x64
		{062F794C-F61F-4A41-80B8-7737486FACE7}.Release|x64.Build.0 = Release|x64
		{062F794C-F61F-4A41-80B8-7737486FACE7}.Release|x86.ActiveCfg = Release|Win32
		{062F794C-F61F-4A41-80B8-7737486FACE7}.Release|x86.Build.0 = Release|Win32
		{FCC5B657-170C-4642-8D47-AC77BDCD2DE3}.Debug|x64.ActiveCfg = Debug|x64
		{FCC5B657-170C-4642-8D47-AC77BDCD2DE3}.Debug|x64.Build.0 = Debug|x64
		{FCC5B657-170C-4642-8D47-AC77BDCD2DE3}.Debug|x86.ActiveCfg = Debug|Win32
		{FCC5B657-170C-4642-8D47-AC77BDCD2DE3}.Debug|x86.Build.0 = Debug|Win32
		{FCC5B657-170C-4642-8D47-AC77BDCD2DE3}.Release|x64.ActiveCfg = Release|x64
		{FCC5B657-170C-4642-8D47-AC77BDCD2DE3}.Release|x64.Build.0 = Release|x64
		{FCC5B657-170C-4642-8D47-AC77BDCD2DE3}.Release|x86.ActiveCfg = Release|Win32
		{FCC5B657-170C-4642-8D47-AC77BDCD2DE3}.Release|x86.Build.0 = Release|Win32
		{9E17FA1D-5472-431B-A475-0A12266F99CA}.Debug|x64.ActiveCfg = Debug|x64
		{9E17FA1D-5472-431B-A475-0A12266F99CA}.Debug|x64.Build.0 = Debug|x64
		{9E17FA1D-5472-431B-A475-0A12266F99CA}.Debug|x86.ActiveCfg = Debug|Win32
		{9E17FA1D-5472-431B-A475-0A12266F99CA}.Debug|x86.Build.0 = Debug|Win32
		{9E17FA1D-5472-431B-A475-0A12266F99CA}.Release|x64.ActiveCfg = Release|x64
		{9E17FA1D-5472-431B-A475-0A12266F99CA}.Release|x64.Build.0 = Release|x64
		{9E17FA1D-5472-431B-A475-0A12266F99CA}.Release|x86.ActiveCfg = Release|Win32
		{9E17FA1D-5472-431B-A475-0A12266F99CA}.Release|x86.Build.0 = Release|Win32
		{7DBCD5CE-5C34-4DEE-87A8-E0B5272C1674}.Debug|x64.ActiveCfg = Debug|x64
		{7DBCD5CE-5C34-4DEE-87A8-E0B5272C1674}.Debug|x64.Build.0 = Debug|x64
		{7DBCD5CE-5C34-4DEE-87A8-E0B5272C1674}.Debug|x86.ActiveCfg = Debug|Win32
		{7DBCD5CE-5C34-4DEE-87A8-E0B5272C1674}.Debug|x86.Build.0 = Debug|Win32
		{7DBCD5CE-5C34-4DEE-87A8-E0B5272C1674}.Release|x64.ActiveCfg = Release|x64
		{7DBCD5CE-5C34-4DEE-87A8-E0B5272C1674}.Release|x64.Build.0 = Release|x64
		{7DBCD5CE-5C34-4DEE-87A8-E0B5272C1674}.Release|x86.ActiveCfg = Release|Win32
		{7DBCD5CE-5C34-4DEE-87A8-E0B5272C1674}.Release|x86.Build.0 = Release|Win32
		{E9F75A3E-089F-4498-9BAB-8FCF5F675377}.Debug|x64.ActiveCfg = Debug|x64
		{E9F75A3E-089F-4498-9BAB-8FCF5F675377}.Debug|x64.Build.0 = Debug|x64
		{E9F75A3E-089F-4498-9BAB-8FCF5F675377}.Debug|x86.ActiveCfg = Debug|Win32
		{E9F75A3E-089F-4498-9BAB-8FCF5F675377}.Debug|x86.Build.0 = Debug|Win32
		{E9F75A3E-089F-4498-9BAB-8FCF5F675377}.Release|x64.ActiveCfg = Release|x64
		{E9F75A3E-089F-4498-9BAB-8FCF5F675377}.Release|x64.Build.0 = Release|x64
		{E9F75A3E-089F-4498-9BAB-8FCF5F675377}.Release|x86.ActiveCfg = Release|Win32
		{E9F75A3E-089F-4498-9BAB-8FCF5F675377}.Release|x86.Build.0 = Release|Win32
		{E785FFAA-9F65-41E8-9B63-00B5F51FA240}.Debug|x64.ActiveCfg = Debug|x64
		{E785FFAA-9F65-41E8-9B63-00B5F51FA240}.Debug|x64.Build.0 = Debug|x64
		{E785FFAA-9F65-41E8-9B63-00B5F51FA240}.Debug|x86.ActiveCfg = Debug|Win32
		{E785FFAA-9F65-41E8-9B63-00B5F51FA240}.Debug|x86.Build.0 = Debug|Win32
		{E785FFAA-9F65-41E8-9B63-00B5F51FA240}.Release|x64.ActiveCfg = Release|x64
		{E785FFAA-9F65-41E8-9B63-00B5F51FA240}.Release|x64.Build.0 = Release|x64
		{E785FFAA-9F65-41E8-9B63-00B5F51FA240}.Release|x86.ActiveCfg = Release|Win32
		{E785FFAA-9F65-41E8-9B63-00B5F51FA240}.Release|x86.Build.0 = Release|Win32
	EndGlobalSection
	GlobalSection(SolutionProperties) = preSolution
		HideSolutionNode = FALSE
	EndGlobalSection
EndGlobal
